<?xml version="1.0" encoding="utf-8"?>
<Project ToolsVersion="4.0" xmlns="http://schemas.microsoft.com/developer/msbuild/2003">
  <ItemGroup>
    <Filter Include="Source files">
      <UniqueIdentifier>{4ffafbe3-7b8c-4232-8a0d-3a30516f0463}</UniqueIdentifier>
      <Extensions>cpp;c;cc;cxx;def;odl;idl;hpj;bat;asm;asmx</Extensions>
    </Filter>
    <Filter Include="Header files">
      <UniqueIdentifier>{ff9a3fee-661c-4c6b-a653-f771d40f3433}</UniqueIdentifier>
      <Extensions>h;hpp;hxx;hm;inl;inc;xsd</Extensions>
    </Filter>
    <Filter Include="Resource files">
      <UniqueIdentifier>{2fee9b28-703d-46c0-9aa7-56d32088ec15}</UniqueIdentifier>
      <Extensions>rc;ico;cur;bmp;dlg;rc2;rct;bin;rgs;gif;jpg;jpeg;jpe;resx;tiff;tif;png;wav</Extensions>
    </Filter>
    <Filter Include="Make files">
      <UniqueIdentifier>{dccd6bb5-f6d2-4537-90a8-dcfee6910acb}</UniqueIdentifier>
      <Extensions>*.mak</Extensions>
    </Filter>
    <Filter Include="Other Files">
      <UniqueIdentifier>{716df15a-a868-4a4e-9153-7a08968cba1e}</UniqueIdentifier>
    </Filter>
  </ItemGroup>
  <ItemGroup>
    <ClCompile Include="LinuxServer.cpp">
      <Filter>Source files</Filter>
    </ClCompile>
    <ClCompile Include="AsyncServer.cpp">
      <Filter>Source files</Filter>
    </ClCompile>
    <ClCompile Include="STXUtility.cpp">
      <Filter>Source files</Filter>
    </ClCompile>
  </ItemGroup>
  <ItemGroup>
    <None Include="Makefile" />
    <None Include="debug.mak">
      <Filter>Make files</Filter>
    </None>
    <None Include="release.mak">
      <Filter>Make files</Filter>
    </None>
    <None Include="LinuxServer-Release.vgdbsettings">
      <Filter>Other Files</Filter>
    </None>
    <None Include="LinuxServer-Debug.vgdbsettings">
      <Filter>Other Files</Filter>
    </None>
  </ItemGroup>
  <ItemGroup>
    <ClInclude Include="AsyncServer.h">
      <Filter>Header files</Filter>
    </ClInclude>
    <ClInclude Include="fcmm.h">
      <Filter>Header files</Filter>
    </ClInclude>
    <ClInclude Include="ThreadPool.h">
      <Filter>Header files</Filter>
    </ClInclude>
    <ClInclude Include="concurrentqueue.h">
      <Filter>Header files</Filter>
    </ClInclude>
    <ClInclude Include="gcc_Release.h">
      <Filter>Other Files</Filter>
    </ClInclude>
    <ClInclude Include="gcc_Debug.h">
      <Filter>Other Files</Filter>
    </ClInclude>
    <ClInclude Include="STXUtility.h">
      <Filter>Header files</Filter>
    </ClInclude>
  </ItemGroup>
</Project>